<?xml version="1.0" encoding="UTF-8" standalone="yes" ?>
<CodeBlocks_project_file>
	<FileVersion major="1" minor="6" />
	<Project>
		<Option title="polymorph" />
		<Option pch_mode="2" />
		<Option compiler="gcc" />
		<Build>
			<Target title="debug">
				<Option output="build/Debug/polymorph" prefix_auto="1" extension_auto="1" />
				<Option object_output="obj/Debug/" />
				<Option type="1" />
				<Option compiler="gcc" />
				<Option use_console_runner="0" />
				<Compiler>
					<Add option="-g" />
				</Compiler>
			</Target>
			<Target title="release">
				<Option output="build/Release/polymorph" prefix_auto="1" extension_auto="1" />
				<Option object_output="obj/Release/" />
				<Option type="1" />
				<Option compiler="gcc" />
				<Compiler>
					<Add option="-O2" />
				</Compiler>
				<Linker>
					<Add option="-s" />
				</Linker>
			</Target>
		</Build>
		<Compiler>
			<Add option="-Wall" />
			<Add directory="include" />
		</Compiler>
		<Unit filename="include/analysis.h" />
		<Unit filename="include/arithmetic.h" />
		<Unit filename="include/io/buffer.h" />
		<Unit filename="include/io/console.h" />
		<Unit filename="include/type/complex.h" />
		<Unit filename="include/type/monomial.h" />
		<Unit filename="include/type/polymorph.h" />
		<Unit filename="include/type/polynomial.h" />
		<Unit filename="include/type/polynomial_table.h" />
		<Unit filename="main.c">
			<Option compilerVar="CC" />
		</Unit>
		<Unit filename="src/analysis.c">
			<Option compilerVar="CC" />
		</Unit>
		<Unit filename="src/arithmetic.c">
			<Option compilerVar="CC" />
		</Unit>
		<Unit filename="src/io/buffer.c">
			<Option compilerVar="CC" />
		</Unit>
		<Unit filename="src/io/console.c">
			<Option compilerVar="CC" />
		</Unit>
		<Unit filename="src/type/complex.c">
			<Option compilerVar="CC" />
		</Unit>
		<Unit filename="src/type/monomial.c">
			<Option compilerVar="CC" />
		</Unit>
		<Unit filename="src/type/polymorph.c">
			<Option compilerVar="CC" />
		</Unit>
		<Unit filename="src/type/polynomial.c">
			<Option compilerVar="CC" />
		</Unit>
		<Unit filename="src/type/polynomial_table.c">
			<Option compilerVar="CC" />
		</Unit>
		<Extensions>
			<code_completion />
			<envvars />
			<debugger />
		</Extensions>
	</Project>
</CodeBlocks_project_file>
